
Microsoft Visual Studio Solution File, Format Version 12.00
# Visual Studio Version 17
VisualStudioVersion = 17.0.32112.339
MinimumVisualStudioVersion = 10.0.40219.1
Project("{2150E333-8FDC-42A3-9474-1A3956D46DE8}") = "Solution Items", "Solution Items", "{6B7E5837-C597-4AA7-965B-54B86AD569E0}"
	ProjectSection(SolutionItems) = preProject
		.gitignore = .gitignore
	EndProjectSection
EndProject
Project("{2150E333-8FDC-42A3-9474-1A3956D46DE8}") = "Ports", "Ports", "{430E2E36-3D78-4ADC-B833-8886621C6786}"
EndProject
Project("{9A19103F-16F7-4668-BE54-9A1E7A4F7556}") = "Login.Api", "src\Login.Api\Login.Api.csproj", "{6596DF0A-FDF4-4CF8-8D0B-6C56847E0FE9}"
EndProject
Project("{2150E333-8FDC-42A3-9474-1A3956D46DE8}") = "Core", "Core", "{0D16F61E-07F7-4587-894F-21EEB24BF8EA}"
EndProject
Project("{9A19103F-16F7-4668-BE54-9A1E7A4F7556}") = "Login.Application", "src\Login.Application\Login.Application.csproj", "{830FCFAF-022C-4D3B-9301-47D7354726C2}"
EndProject
Project("{9A19103F-16F7-4668-BE54-9A1E7A4F7556}") = "Login.Domain", "src\Login.Domain\Login.Domain.csproj", "{18AEAE48-D047-4550-8FF4-62D47EDF7F89}"
EndProject
Project("{2150E333-8FDC-42A3-9474-1A3956D46DE8}") = "Tests", "Tests", "{7A466DCD-1DB2-468B-B3D0-508B94B1EDCD}"
EndProject
Project("{9A19103F-16F7-4668-BE54-9A1E7A4F7556}") = "Login.Tests", "src\Login.Tests\Login.Tests.csproj", "{DE41ECFE-1288-40BA-A667-EDEFFF11F76B}"
EndProject
Project("{FAE04EC0-301F-11D3-BF4B-00C04F79EFBC}") = "Login.Infrastructure", "src\Login.Infrastructure\Login.Infrastructure.csproj", "{20C1B7A0-2042-4C49-BD3D-4035597A98D6}"
EndProject
Global
	GlobalSection(SolutionConfigurationPlatforms) = preSolution
		Debug|Any CPU = Debug|Any CPU
		Release|Any CPU = Release|Any CPU
	EndGlobalSection
	GlobalSection(ProjectConfigurationPlatforms) = postSolution
		{6596DF0A-FDF4-4CF8-8D0B-6C56847E0FE9}.Debug|Any CPU.ActiveCfg = Debug|Any CPU
		{6596DF0A-FDF4-4CF8-8D0B-6C56847E0FE9}.Debug|Any CPU.Build.0 = Debug|Any CPU
		{6596DF0A-FDF4-4CF8-8D0B-6C56847E0FE9}.Release|Any CPU.ActiveCfg = Release|Any CPU
		{6596DF0A-FDF4-4CF8-8D0B-6C56847E0FE9}.Release|Any CPU.Build.0 = Release|Any CPU
		{830FCFAF-022C-4D3B-9301-47D7354726C2}.Debug|Any CPU.ActiveCfg = Debug|Any CPU
		{830FCFAF-022C-4D3B-9301-47D7354726C2}.Debug|Any CPU.Build.0 = Debug|Any CPU
		{830FCFAF-022C-4D3B-9301-47D7354726C2}.Release|Any CPU.ActiveCfg = Release|Any CPU
		{830FCFAF-022C-4D3B-9301-47D7354726C2}.Release|Any CPU.Build.0 = Release|Any CPU
		{18AEAE48-D047-4550-8FF4-62D47EDF7F89}.Debug|Any CPU.ActiveCfg = Debug|Any CPU
		{18AEAE48-D047-4550-8FF4-62D47EDF7F89}.Debug|Any CPU.Build.0 = Debug|Any CPU
		{18AEAE48-D047-4550-8FF4-62D47EDF7F89}.Release|Any CPU.ActiveCfg = Release|Any CPU
		{18AEAE48-D047-4550-8FF4-62D47EDF7F89}.Release|Any CPU.Build.0 = Release|Any CPU
		{DE41ECFE-1288-40BA-A667-EDEFFF11F76B}.Debug|Any CPU.ActiveCfg = Debug|Any CPU
		{DE41ECFE-1288-40BA-A667-EDEFFF11F76B}.Debug|Any CPU.Build.0 = Debug|Any CPU
		{DE41ECFE-1288-40BA-A667-EDEFFF11F76B}.Release|Any CPU.ActiveCfg = Release|Any CPU
		{DE41ECFE-1288-40BA-A667-EDEFFF11F76B}.Release|Any CPU.Build.0 = Release|Any CPU
		{20C1B7A0-2042-4C49-BD3D-4035597A98D6}.Debug|Any CPU.ActiveCfg = Debug|Any CPU
		{20C1B7A0-2042-4C49-BD3D-4035597A98D6}.Debug|Any CPU.Build.0 = Debug|Any CPU
		{20C1B7A0-2042-4C49-BD3D-4035597A98D6}.Release|Any CPU.ActiveCfg = Release|Any CPU
		{20C1B7A0-2042-4C49-BD3D-4035597A98D6}.Release|Any CPU.Build.0 = Release|Any CPU
	EndGlobalSection
	GlobalSection(SolutionProperties) = preSolution
		HideSolutionNode = FALSE
	EndGlobalSection
	GlobalSection(NestedProjects) = preSolution
		{6596DF0A-FDF4-4CF8-8D0B-6C56847E0FE9} = {430E2E36-3D78-4ADC-B833-8886621C6786}
		{830FCFAF-022C-4D3B-9301-47D7354726C2} = {0D16F61E-07F7-4587-894F-21EEB24BF8EA}
		{18AEAE48-D047-4550-8FF4-62D47EDF7F89} = {0D16F61E-07F7-4587-894F-21EEB24BF8EA}
		{DE41ECFE-1288-40BA-A667-EDEFFF11F76B} = {7A466DCD-1DB2-468B-B3D0-508B94B1EDCD}
		{20C1B7A0-2042-4C49-BD3D-4035597A98D6} = {0D16F61E-07F7-4587-894F-21EEB24BF8EA}
	EndGlobalSection
	GlobalSection(ExtensibilityGlobals) = postSolution
		SolutionGuid = {33D16D31-988B-489E-8DE4-4C3B19F4830D}
	EndGlobalSection
EndGlobal
